PODS:
  - Expecta (1.0.0)
  - OCHamcrest (4.1.1)
  - OCMockito (1.4.0):
    - OCHamcrest (~> 4.0)
  - Specta (1.0.0)

DEPENDENCIES:
  - Expecta
  - OCMockito
  - Specta

SPEC CHECKSUMS:
  Expecta: 32604574add2c46a36f8d2f716b6c5736eb75024
  OCHamcrest: 6f03ffa81d12feab872638490a44ab0a6d3aca10
  OCMockito: 4981140c9a9ec06c31af40f636e3c0f25f27e6b2
  Specta: 96fe05fe5c7348b5223f85e862904f6e832abb14

COCOAPODS: 0.38.2
